
Microsoft Visual Studio Solution File, Format Version 12.00
# Visual Studio Version 17
VisualStudioVersion = 17.10.35013.160
MinimumVisualStudioVersion = 10.0.40219.1
Project("{FAE04EC0-301F-11D3-BF4B-00C04F79EFBC}") = "SkillTest", "SkillTest\SkillTest.csproj", "{791E9E13-E51C-44FF-BA33-56BED75A90EE}"
EndProject
Global
	GlobalSection(SolutionConfigurationPlatforms) = preSolution
		Debug|Any CPU = Debug|Any CPU
		Release|Any CPU = Release|Any CPU
	EndGlobalSection
	GlobalSection(ProjectConfigurationPlatforms) = postSolution
		{791E9E13-E51C-44FF-BA33-56BED75A90EE}.Debug|Any CPU.ActiveCfg = Debug|Any CPU
		{791E9E13-E51C-44FF-BA33-56BED75A90EE}.Debug|Any CPU.Build.0 = Debug|Any CPU
		{791E9E13-E51C-44FF-BA33-56BED75A90EE}.Release|Any CPU.ActiveCfg = Release|Any CPU
		{791E9E13-E51C-44FF-BA33-56BED75A90EE}.Release|Any CPU.Build.0 = Release|Any CPU
	EndGlobalSection
	GlobalSection(SolutionProperties) = preSolution
		HideSolutionNode = FALSE
	EndGlobalSection
	GlobalSection(ExtensibilityGlobals) = postSolution
		SolutionGuid = {E1BBECD5-DC24-42D0-89C8-A806CCC4121C}
	EndGlobalSection
EndGlobal
